
Microsoft Visual Studio Solution File, Format Version 12.00
# Visual Studio 15
VisualStudioVersion = 15.0.28307.1267
MinimumVisualStudioVersion = 10.0.40219.1
Project("{FAE04EC0-301F-11D3-BF4B-00C04F79EFBC}") = "Task3_2", "Task3_2\Task3_2.csproj", "{707EC7E5-8156-4E0E-BFAB-BAD2507B757A}"
EndProject
Global
	GlobalSection(SolutionConfigurationPlatforms) = preSolution
		Debug|Any CPU = Debug|Any CPU
		Release|Any CPU = Release|Any CPU
	EndGlobalSection
	GlobalSection(ProjectConfigurationPlatforms) = postSolution
		{707EC7E5-8156-4E0E-BFAB-BAD2507B757A}.Debug|Any CPU.ActiveCfg = Debug|Any CPU
		{707EC7E5-8156-4E0E-BFAB-BAD2507B757A}.Debug|Any CPU.Build.0 = Debug|Any CPU
		{707EC7E5-8156-4E0E-BFAB-BAD2507B757A}.Release|Any CPU.ActiveCfg = Release|Any CPU
		{707EC7E5-8156-4E0E-BFAB-BAD2507B757A}.Release|Any CPU.Build.0 = Release|Any CPU
	EndGlobalSection
	GlobalSection(SolutionProperties) = preSolution
		HideSolutionNode = FALSE
	EndGlobalSection
	GlobalSection(ExtensibilityGlobals) = postSolution
		SolutionGuid = {6721E17D-66F9-434A-A7D0-63CB4C76DF33}
	EndGlobalSection
EndGlobal
